
Microsoft Visual Studio Solution File, Format Version 12.00
# Visual Studio Version 17
VisualStudioVersion = 17.13.35931.197 d17.13
MinimumVisualStudioVersion = 10.0.40219.1
Project("{FAE04EC0-301F-11D3-BF4B-00C04F79EFBC}") = "ProductAPI", "CQRS\ProductAPI.csproj", "{5E30E56A-36ED-4044-A0EF-D504AAF2BC7A}"
EndProject
Global
	GlobalSection(SolutionConfigurationPlatforms) = preSolution
		Debug|Any CPU = Debug|Any CPU
		Release|Any CPU = Release|Any CPU
	EndGlobalSection
	GlobalSection(ProjectConfigurationPlatforms) = postSolution
		{5E30E56A-36ED-4044-A0EF-D504AAF2BC7A}.Debug|Any CPU.ActiveCfg = Debug|Any CPU
		{5E30E56A-36ED-4044-A0EF-D504AAF2BC7A}.Debug|Any CPU.Build.0 = Debug|Any CPU
		{5E30E56A-36ED-4044-A0EF-D504AAF2BC7A}.Release|Any CPU.ActiveCfg = Release|Any CPU
		{5E30E56A-36ED-4044-A0EF-D504AAF2BC7A}.Release|Any CPU.Build.0 = Release|Any CPU
	EndGlobalSection
	GlobalSection(SolutionProperties) = preSolution
		HideSolutionNode = FALSE
	EndGlobalSection
	GlobalSection(ExtensibilityGlobals) = postSolution
		SolutionGuid = {96BC1A4C-E869-4578-93E0-A455A065ED82}
	EndGlobalSection
EndGlobal
